
Microsoft Visual Studio Solution File, Format Version 12.00
# Visual Studio Version 17
VisualStudioVersion = 17.4.33205.214
MinimumVisualStudioVersion = 10.0.40219.1
Project("{2150E333-8FDC-42A3-9474-1A3956D46DE8}") = "src", "src", "{FFEE5644-25D6-43C0-B0A7-A292FFCD8C55}"
EndProject
Project("{2150E333-8FDC-42A3-9474-1A3956D46DE8}") = "tests", "tests", "{21191F40-3C2F-49FE-B11F-61DE0C0525B0}"
EndProject
Project("{2150E333-8FDC-42A3-9474-1A3956D46DE8}") = "API", "API", "{01E85EF2-D1BA-407B-8C32-D0FCDA8FA952}"
EndProject
Project("{FAE04EC0-301F-11D3-BF4B-00C04F79EFBC}") = "MockBookingSystemAPI", "API\MockBookingSystemAPI\MockBookingSystemAPI\MockBookingSystemAPI.csproj", "{5DA48FCB-6B67-43D2-9CF8-82DF69570E4B}"
EndProject
Project("{2150E333-8FDC-42A3-9474-1A3956D46DE8}") = "Application", "Application", "{3E783FC7-7713-45E4-96C9-CAB28B291528}"
EndProject
Project("{2150E333-8FDC-42A3-9474-1A3956D46DE8}") = "Domain", "Domain", "{FD9157E0-C8D4-4299-9B25-4801512EE389}"
EndProject
Project("{2150E333-8FDC-42A3-9474-1A3956D46DE8}") = "Infrastrucutre", "Infrastrucutre", "{C7DD16F8-40CA-4347-A335-9E423D21B31C}"
EndProject
Project("{FAE04EC0-301F-11D3-BF4B-00C04F79EFBC}") = "MockBookingSystem.Entities", "Domain\MockBookingSystem.Entities\MockBookingSystem.Entities.csproj", "{2F9A71FF-53ED-4D50-A37B-793DC8B0EC92}"
EndProject
Project("{FAE04EC0-301F-11D3-BF4B-00C04F79EFBC}") = "MockBookingSystem.Objects", "Application\MockBookingSystem.Application.Objects\MockBookingSystem.Objects.csproj", "{E4DF7082-0AD3-4EDB-B255-D34118DB9957}"
EndProject
Project("{FAE04EC0-301F-11D3-BF4B-00C04F79EFBC}") = "MockBookingSystem.AccountManager", "Infrastructure\MockBookingSystem.Infrastructure\MockBookingSystem.AccountManager.csproj", "{4635B8E2-EB3F-40B7-9DCF-CC0925D81776}"
EndProject
Project("{FAE04EC0-301F-11D3-BF4B-00C04F79EFBC}") = "MockBookingSystem.ServiceLayer", "Application\MockBookingSystem.ServiceLayer\MockBookingSystem.ServiceLayer.csproj", "{45C1C1A1-A230-4199-BF77-01958CAF5D5A}"
EndProject
Project("{FAE04EC0-301F-11D3-BF4B-00C04F79EFBC}") = "MockBookingSystem.Core", "Domain\MockBookingSystem.Core\MockBookingSystem.Core.csproj", "{A11F8CB4-BB21-471B-8660-F18B6792430F}"
EndProject
Project("{FAE04EC0-301F-11D3-BF4B-00C04F79EFBC}") = "MockBookingSystem.DAL", "..\MockBookingSystem.DAL\MockBookingSystem.DAL.csproj", "{BE0341D4-7B53-4E8B-AB12-3F32E98949B2}"
EndProject
Global
	GlobalSection(SolutionConfigurationPlatforms) = preSolution
		Debug|Any CPU = Debug|Any CPU
		Release|Any CPU = Release|Any CPU
	EndGlobalSection
	GlobalSection(ProjectConfigurationPlatforms) = postSolution
		{5DA48FCB-6B67-43D2-9CF8-82DF69570E4B}.Debug|Any CPU.ActiveCfg = Debug|Any CPU
		{5DA48FCB-6B67-43D2-9CF8-82DF69570E4B}.Debug|Any CPU.Build.0 = Debug|Any CPU
		{5DA48FCB-6B67-43D2-9CF8-82DF69570E4B}.Release|Any CPU.ActiveCfg = Release|Any CPU
		{5DA48FCB-6B67-43D2-9CF8-82DF69570E4B}.Release|Any CPU.Build.0 = Release|Any CPU
		{2F9A71FF-53ED-4D50-A37B-793DC8B0EC92}.Debug|Any CPU.ActiveCfg = Debug|Any CPU
		{2F9A71FF-53ED-4D50-A37B-793DC8B0EC92}.Debug|Any CPU.Build.0 = Debug|Any CPU
		{2F9A71FF-53ED-4D50-A37B-793DC8B0EC92}.Release|Any CPU.ActiveCfg = Release|Any CPU
		{2F9A71FF-53ED-4D50-A37B-793DC8B0EC92}.Release|Any CPU.Build.0 = Release|Any CPU
		{E4DF7082-0AD3-4EDB-B255-D34118DB9957}.Debug|Any CPU.ActiveCfg = Debug|Any CPU
		{E4DF7082-0AD3-4EDB-B255-D34118DB9957}.Debug|Any CPU.Build.0 = Debug|Any CPU
		{E4DF7082-0AD3-4EDB-B255-D34118DB9957}.Release|Any CPU.ActiveCfg = Release|Any CPU
		{E4DF7082-0AD3-4EDB-B255-D34118DB9957}.Release|Any CPU.Build.0 = Release|Any CPU
		{4635B8E2-EB3F-40B7-9DCF-CC0925D81776}.Debug|Any CPU.ActiveCfg = Debug|Any CPU
		{4635B8E2-EB3F-40B7-9DCF-CC0925D81776}.Debug|Any CPU.Build.0 = Debug|Any CPU
		{4635B8E2-EB3F-40B7-9DCF-CC0925D81776}.Release|Any CPU.ActiveCfg = Release|Any CPU
		{4635B8E2-EB3F-40B7-9DCF-CC0925D81776}.Release|Any CPU.Build.0 = Release|Any CPU
		{45C1C1A1-A230-4199-BF77-01958CAF5D5A}.Debug|Any CPU.ActiveCfg = Debug|Any CPU
		{45C1C1A1-A230-4199-BF77-01958CAF5D5A}.Debug|Any CPU.Build.0 = Debug|Any CPU
		{45C1C1A1-A230-4199-BF77-01958CAF5D5A}.Release|Any CPU.ActiveCfg = Release|Any CPU
		{45C1C1A1-A230-4199-BF77-01958CAF5D5A}.Release|Any CPU.Build.0 = Release|Any CPU
		{A11F8CB4-BB21-471B-8660-F18B6792430F}.Debug|Any CPU.ActiveCfg = Debug|Any CPU
		{A11F8CB4-BB21-471B-8660-F18B6792430F}.Debug|Any CPU.Build.0 = Debug|Any CPU
		{A11F8CB4-BB21-471B-8660-F18B6792430F}.Release|Any CPU.ActiveCfg = Release|Any CPU
		{A11F8CB4-BB21-471B-8660-F18B6792430F}.Release|Any CPU.Build.0 = Release|Any CPU
		{BE0341D4-7B53-4E8B-AB12-3F32E98949B2}.Debug|Any CPU.ActiveCfg = Debug|Any CPU
		{BE0341D4-7B53-4E8B-AB12-3F32E98949B2}.Debug|Any CPU.Build.0 = Debug|Any CPU
		{BE0341D4-7B53-4E8B-AB12-3F32E98949B2}.Release|Any CPU.ActiveCfg = Release|Any CPU
		{BE0341D4-7B53-4E8B-AB12-3F32E98949B2}.Release|Any CPU.Build.0 = Release|Any CPU
	EndGlobalSection
	GlobalSection(SolutionProperties) = preSolution
		HideSolutionNode = FALSE
	EndGlobalSection
	GlobalSection(NestedProjects) = preSolution
		{01E85EF2-D1BA-407B-8C32-D0FCDA8FA952} = {FFEE5644-25D6-43C0-B0A7-A292FFCD8C55}
		{5DA48FCB-6B67-43D2-9CF8-82DF69570E4B} = {01E85EF2-D1BA-407B-8C32-D0FCDA8FA952}
		{3E783FC7-7713-45E4-96C9-CAB28B291528} = {FFEE5644-25D6-43C0-B0A7-A292FFCD8C55}
		{FD9157E0-C8D4-4299-9B25-4801512EE389} = {FFEE5644-25D6-43C0-B0A7-A292FFCD8C55}
		{C7DD16F8-40CA-4347-A335-9E423D21B31C} = {FFEE5644-25D6-43C0-B0A7-A292FFCD8C55}
		{2F9A71FF-53ED-4D50-A37B-793DC8B0EC92} = {FD9157E0-C8D4-4299-9B25-4801512EE389}
		{E4DF7082-0AD3-4EDB-B255-D34118DB9957} = {3E783FC7-7713-45E4-96C9-CAB28B291528}
		{4635B8E2-EB3F-40B7-9DCF-CC0925D81776} = {C7DD16F8-40CA-4347-A335-9E423D21B31C}
		{45C1C1A1-A230-4199-BF77-01958CAF5D5A} = {3E783FC7-7713-45E4-96C9-CAB28B291528}
		{A11F8CB4-BB21-471B-8660-F18B6792430F} = {FD9157E0-C8D4-4299-9B25-4801512EE389}
		{BE0341D4-7B53-4E8B-AB12-3F32E98949B2} = {C7DD16F8-40CA-4347-A335-9E423D21B31C}
	EndGlobalSection
	GlobalSection(ExtensibilityGlobals) = postSolution
		SolutionGuid = {5B5B07EE-8D5F-45BE-8629-A83D8BD9201F}
	EndGlobalSection
EndGlobal
